{
  "name": "auto-campnet-gui",
  "lockfileVersion": 2,
  "requires": true,
  "packages": {
    "": {
      "name": "auto-campnet-gui",
      "dependencies": {
        "@tauri-apps/api": "^1.0.0-rc.2"
      },
      "devDependencies": {
        "@tauri-apps/cli": "^1.0.0-rc.7"
      }
    },
    "node_modules/@tauri-apps/api": {
      "version": "1.0.0-rc.2",
      "resolved": "https://registry.npmjs.org/@tauri-apps/api/-/api-1.0.0-rc.2.tgz",
      "integrity": "sha512-JhUDCJpfxmf/S1R+yHmJGsher4CGi07Qv4fYeucB7naeFZ7yTQe7S1CHKUZaRYpurGSdwOF3my9k0LyGmpAGYw==",
      "dependencies": {
        "type-fest": "2.12.0"
      },
      "engines": {
        "node": ">= 12.13.0",
        "npm": ">= 6.6.0",
        "yarn": ">= 1.19.1"
      },
      "funding": {
        "type": "opencollective",
        "url": "https://opencollective.com/tauri"
      }
    },
    "node_modules/@tauri-apps/cli": {
      "version": "1.0.0-rc.7",
      "resolved": "https://registry.npmjs.org/@tauri-apps/cli/-/cli-1.0.0-rc.7.tgz",
      "integrity": "sha512-g7lUsI2iFiB2JuPFr209vWNqOnxCOGXN6yBttMRY+94UUXZOeWlKxYYpSabyjSr7EbfAUNzjITYmE4urdtmB+A==",
      "dev": true,
      "bin": {
        "tauri": "tauri.js"
      },
      "engines": {
        "node": ">= 10"
      },
      "funding": {
        "type": "opencollective",
        "url": "https://opencollective.com/tauri"
      },
      "optionalDependencies": {
        "@tauri-apps/cli-darwin-arm64": "1.0.0-rc.7",
        "@tauri-apps/cli-darwin-x64": "1.0.0-rc.7",
        "@tauri-apps/cli-linux-arm-gnueabihf": "1.0.0-rc.7",
        "@tauri-apps/cli-linux-arm64-gnu": "1.0.0-rc.7",
        "@tauri-apps/cli-linux-arm64-musl": "1.0.0-rc.7",
        "@tauri-apps/cli-linux-x64-gnu": "1.0.0-rc.7",
        "@tauri-apps/cli-linux-x64-musl": "1.0.0-rc.7",
        "@tauri-apps/cli-win32-ia32-msvc": "1.0.0-rc.7",
        "@tauri-apps/cli-win32-x64-msvc": "1.0.0-rc.7"
      }
    },
    "node_modules/@tauri-apps/cli-darwin-arm64": {
      "version": "1.0.0-rc.7",
      "resolved": "https://registry.npmjs.org/@tauri-apps/cli-darwin-arm64/-/cli-darwin-arm64-1.0.0-rc.7.tgz",
      "integrity": "sha512-fb1plxZZHDG0KwZOoAl6tuisFU+oZFtNtqK3V2KL+4hz75DyH6BfsrgjyYSecJrtQejL2cHi8q7vUsU+EeLopw==",
      "cpu": [
        "arm64"
      ],
      "dev": true,
      "optional": true,
      "os": [
        "darwin"
      ],
      "engines": {
        "node": ">= 10"
      }
    },
    "node_modules/@tauri-apps/cli-darwin-x64": {
      "version": "1.0.0-rc.7",
      "resolved": "https://registry.npmjs.org/@tauri-apps/cli-darwin-x64/-/cli-darwin-x64-1.0.0-rc.7.tgz",
      "integrity": "sha512-FOFPNsYUgCDaxEK+9oQ3vv9bMD3XVcOKdh1vo/DImzZNO6fQkcsDC8zlmA+Q4axd+X8kvu0iti1fK8Vl7HIUEA==",
      "cpu": [
        "x64"
      ],
      "dev": true,
      "optional": true,
      "os": [
        "darwin"
      ],
      "engines": {
        "node": ">= 10"
      }
    },
    "node_modules/@tauri-apps/cli-linux-arm-gnueabihf": {
      "version": "1.0.0-rc.7",
      "resolved": "https://registry.npmjs.org/@tauri-apps/cli-linux-arm-gnueabihf/-/cli-linux-arm-gnueabihf-1.0.0-rc.7.tgz",
      "integrity": "sha512-tFzcJtNHy5AInU3E7kKDyhg4Qb7csu3uZ3FhGfORmGvQAiNQFpGV3ypC230RQYa3sxxRMbn8vjUAZMlU6JArbA==",
      "cpu": [
        "arm"
      ],
      "dev": true,
      "optional": true,
      "os": [
        "linux"
      ],
      "engines": {
        "node": ">= 10"
      }
    },
    "node_modules/@tauri-apps/cli-linux-arm64-gnu": {
      "version": "1.0.0-rc.7",
      "resolved": "https://registry.npmjs.org/@tauri-apps/cli-linux-arm64-gnu/-/cli-linux-arm64-gnu-1.0.0-rc.7.tgz",
      "integrity": "sha512-QAoNUJMmoCv/mDZsfEZOOTeEPYuxtMgCgqTDqMd0H8S0Y3Cu2D/Q2fwVl0s9pMb6wLD2GJ2FEneySEMhMxt7Pg==",
      "cpu": [
        "arm64"
      ],
      "dev": true,
      "optional": true,
      "os": [
        "linux"
      ],
      "engines": {
        "node": ">= 10"
      }
    },
    "node_modules/@tauri-apps/cli-linux-arm64-musl": {
      "version": "1.0.0-rc.7",
      "resolved": "https://registry.npmjs.org/@tauri-apps/cli-linux-arm64-musl/-/cli-linux-arm64-musl-1.0.0-rc.7.tgz",
      "integrity": "sha512-ieLyACtbY7ezReTnjWLw/kKDXRCbnbrUjQ+hltSmHaRuV51nX+I2rmFO5e7VPdj406jvyKwfSPuBC34bHxt3Og==",
      "cpu": [
        "arm64"
      ],
      "dev": true,
      "optional": true,
      "os": [
        "linux"
      ],
      "engines": {
        "node": ">= 10"
      }
    },
    "node_modules/@tauri-apps/cli-linux-x64-gnu": {
      "version": "1.0.0-rc.7",
      "resolved": "https://registry.npmjs.org/@tauri-apps/cli-linux-x64-gnu/-/cli-linux-x64-gnu-1.0.0-rc.7.tgz",
      "integrity": "sha512-wPAZctuFpurACxdCrjw+aaSuFReuIvv1nalVezfqA78AlsCk785yF2YVjoZr5bT8a9+6F+t8uNi3l6Vp5oNqwQ==",
      "cpu": [
        "x64"
      ],
      "dev": true,
      "optional": true,
      "os": [
        "linux"
      ],
      "engines": {
        "node": ">= 10"
      }
    },
    "node_modules/@tauri-apps/cli-linux-x64-musl": {
      "version": "1.0.0-rc.7",
      "resolved": "https://registry.npmjs.org/@tauri-apps/cli-linux-x64-musl/-/cli-linux-x64-musl-1.0.0-rc.7.tgz",
      "integrity": "sha512-/AxuXFC2d1V8KpZJ6cFDcD5QqPFIZFXC/tAJlnTW75VnHgjat9TYP3BdSOuEA81ZLs9tV4PQF40tNnUSzfRYMg==",
      "cpu": [
        "x64"
      ],
      "dev": true,
      "optional": true,
      "os": [
        "linux"
      ],
      "engines": {
        "node": ">= 10"
      }
    },
    "node_modules/@tauri-apps/cli-win32-ia32-msvc": {
      "version": "1.0.0-rc.7",
      "resolved": "https://registry.npmjs.org/@tauri-apps/cli-win32-ia32-msvc/-/cli-win32-ia32-msvc-1.0.0-rc.7.tgz",
      "integrity": "sha512-C4M2rHXlYVPSHGl2Iax1rfiNM5GPSRP1JHxW7/4jH9FfW6mVFcjULZAyVMRfOMQEQ9bYXbVnSTPbhG2Fm0jPxQ==",
      "cpu": [
        "ia32"
      ],
      "dev": true,
      "optional": true,
      "os": [
        "win32"
      ],
      "engines": {
        "node": ">= 10"
      }
    },
    "node_modules/@tauri-apps/cli-win32-x64-msvc": {
      "version": "1.0.0-rc.7",
      "resolved": "https://registry.npmjs.org/@tauri-apps/cli-win32-x64-msvc/-/cli-win32-x64-msvc-1.0.0-rc.7.tgz",
      "integrity": "sha512-lpstJKOtP+ahhjbutapA02TpvfNTZqXwhmA1fvqxDu6BYVezFn7ZiGG5HwdXlkiRDfbwZwBd1evdkV3MxwY1NQ==",
      "cpu": [
        "x64"
      ],
      "dev": true,
      "optional": true,
      "os": [
        "win32"
      ],
      "engines": {
        "node": ">= 10"
      }
    },
    "node_modules/type-fest": {
      "version": "2.12.0",
      "resolved": "https://registry.npmjs.org/type-fest/-/type-fest-2.12.0.tgz",
      "integrity": "sha512-Qe5GRT+n/4GoqCNGGVp5Snapg1Omq3V7irBJB3EaKsp7HWDo5Gv2d/67gfNyV+d5EXD+x/RF5l1h4yJ7qNkcGA==",
      "engines": {
        "node": ">=12.20"
      },
      "funding": {
        "url": "https://github.com/sponsors/sindresorhus"
      }
    }
  },
  "dependencies": {
    "@tauri-apps/api": {
      "version": "1.0.0-rc.2",
      "resolved": "https://registry.npmjs.org/@tauri-apps/api/-/api-1.0.0-rc.2.tgz",
      "integrity": "sha512-JhUDCJpfxmf/S1R+yHmJGsher4CGi07Qv4fYeucB7naeFZ7yTQe7S1CHKUZaRYpurGSdwOF3my9k0LyGmpAGYw==",
      "requires": {
        "type-fest": "2.12.0"
      }
    },
    "@tauri-apps/cli": {
      "version": "1.0.0-rc.7",
      "resolved": "https://registry.npmjs.org/@tauri-apps/cli/-/cli-1.0.0-rc.7.tgz",
      "integrity": "sha512-g7lUsI2iFiB2JuPFr209vWNqOnxCOGXN6yBttMRY+94UUXZOeWlKxYYpSabyjSr7EbfAUNzjITYmE4urdtmB+A==",
      "dev": true,
      "requires": {
        "@tauri-apps/cli-darwin-arm64": "1.0.0-rc.7",
        "@tauri-apps/cli-darwin-x64": "1.0.0-rc.7",
        "@tauri-apps/cli-linux-arm-gnueabihf": "1.0.0-rc.7",
        "@tauri-apps/cli-linux-arm64-gnu": "1.0.0-rc.7",
        "@tauri-apps/cli-linux-arm64-musl": "1.0.0-rc.7",
        "@tauri-apps/cli-linux-x64-gnu": "1.0.0-rc.7",
        "@tauri-apps/cli-linux-x64-musl": "1.0.0-rc.7",
        "@tauri-apps/cli-win32-ia32-msvc": "1.0.0-rc.7",
        "@tauri-apps/cli-win32-x64-msvc": "1.0.0-rc.7"
      }
    },
    "@tauri-apps/cli-darwin-arm64": {
      "version": "1.0.0-rc.7",
      "resolved": "https://registry.npmjs.org/@tauri-apps/cli-darwin-arm64/-/cli-darwin-arm64-1.0.0-rc.7.tgz",
      "integrity": "sha512-fb1plxZZHDG0KwZOoAl6tuisFU+oZFtNtqK3V2KL+4hz75DyH6BfsrgjyYSecJrtQejL2cHi8q7vUsU+EeLopw==",
      "dev": true,
      "optional": true
    },
    "@tauri-apps/cli-darwin-x64": {
      "version": "1.0.0-rc.7",
      "resolved": "https://registry.npmjs.org/@tauri-apps/cli-darwin-x64/-/cli-darwin-x64-1.0.0-rc.7.tgz",
      "integrity": "sha512-FOFPNsYUgCDaxEK+9oQ3vv9bMD3XVcOKdh1vo/DImzZNO6fQkcsDC8zlmA+Q4axd+X8kvu0iti1fK8Vl7HIUEA==",
      "dev": true,
      "optional": true
    },
    "@tauri-apps/cli-linux-arm-gnueabihf": {
      "version": "1.0.0-rc.7",
      "resolved": "https://registry.npmjs.org/@tauri-apps/cli-linux-arm-gnueabihf/-/cli-linux-arm-gnueabihf-1.0.0-rc.7.tgz",
      "integrity": "sha512-tFzcJtNHy5AInU3E7kKDyhg4Qb7csu3uZ3FhGfORmGvQAiNQFpGV3ypC230RQYa3sxxRMbn8vjUAZMlU6JArbA==",
      "dev": true,
      "optional": true
    },
    "@tauri-apps/cli-linux-arm64-gnu": {
      "version": "1.0.0-rc.7",
      "resolved": "https://registry.npmjs.org/@tauri-apps/cli-linux-arm64-gnu/-/cli-linux-arm64-gnu-1.0.0-rc.7.tgz",
      "integrity": "sha512-QAoNUJMmoCv/mDZsfEZOOTeEPYuxtMgCgqTDqMd0H8S0Y3Cu2D/Q2fwVl0s9pMb6wLD2GJ2FEneySEMhMxt7Pg==",
      "dev": true,
      "optional": true
    },
    "@tauri-apps/cli-linux-arm64-musl": {
      "version": "1.0.0-rc.7",
      "resolved": "https://registry.npmjs.org/@tauri-apps/cli-linux-arm64-musl/-/cli-linux-arm64-musl-1.0.0-rc.7.tgz",
      "integrity": "sha512-ieLyACtbY7ezReTnjWLw/kKDXRCbnbrUjQ+hltSmHaRuV51nX+I2rmFO5e7VPdj406jvyKwfSPuBC34bHxt3Og==",
      "dev": true,
      "optional": true
    },
    "@tauri-apps/cli-linux-x64-gnu": {
      "version": "1.0.0-rc.7",
      "resolved": "https://registry.npmjs.org/@tauri-apps/cli-linux-x64-gnu/-/cli-linux-x64-gnu-1.0.0-rc.7.tgz",
      "integrity": "sha512-wPAZctuFpurACxdCrjw+aaSuFReuIvv1nalVezfqA78AlsCk785yF2YVjoZr5bT8a9+6F+t8uNi3l6Vp5oNqwQ==",
      "dev": true,
      "optional": true
    },
    "@tauri-apps/cli-linux-x64-musl": {
      "version": "1.0.0-rc.7",
      "resolved": "https://registry.npmjs.org/@tauri-apps/cli-linux-x64-musl/-/cli-linux-x64-musl-1.0.0-rc.7.tgz",
      "integrity": "sha512-/AxuXFC2d1V8KpZJ6cFDcD5QqPFIZFXC/tAJlnTW75VnHgjat9TYP3BdSOuEA81ZLs9tV4PQF40tNnUSzfRYMg==",
      "dev": true,
      "optional": true
    },
    "@tauri-apps/cli-win32-ia32-msvc": {
      "version": "1.0.0-rc.7",
      "resolved": "https://registry.npmjs.org/@tauri-apps/cli-win32-ia32-msvc/-/cli-win32-ia32-msvc-1.0.0-rc.7.tgz",
      "integrity": "sha512-C4M2rHXlYVPSHGl2Iax1rfiNM5GPSRP1JHxW7/4jH9FfW6mVFcjULZAyVMRfOMQEQ9bYXbVnSTPbhG2Fm0jPxQ==",
      "dev": true,
      "optional": true
    },
    "@tauri-apps/cli-win32-x64-msvc": {
      "version": "1.0.0-rc.7",
      "resolved": "https://registry.npmjs.org/@tauri-apps/cli-win32-x64-msvc/-/cli-win32-x64-msvc-1.0.0-rc.7.tgz",
      "integrity": "sha512-lpstJKOtP+ahhjbutapA02TpvfNTZqXwhmA1fvqxDu6BYVezFn7ZiGG5HwdXlkiRDfbwZwBd1evdkV3MxwY1NQ==",
      "dev": true,
      "optional": true
    },
    "type-fest": {
      "version": "2.12.0",
      "resolved": "https://registry.npmjs.org/type-fest/-/type-fest-2.12.0.tgz",
      "integrity": "sha512-Qe5GRT+n/4GoqCNGGVp5Snapg1Omq3V7irBJB3EaKsp7HWDo5Gv2d/67gfNyV+d5EXD+x/RF5l1h4yJ7qNkcGA=="
    }
  }
}
